{
  "nodes": {
    "nixpkgs": {
      "locked": {
        "lastModified": 1688594934,
        "narHash": "sha256-3dUo20PsmUd57jVZRx5vgKyIN1tv+v/JQweZsve5q/A=",
        "owner": "nixos",
        "repo": "nixpkgs",
        "rev": "e11142026e2cef35ea52c9205703823df225c947",
        "type": "github"
      },
      "original": {
        "owner": "nixos",
        "ref": "nixos-23.05",
        "repo": "nixpkgs",
        "type": "github"
      }
    },
    "root": {
      "inputs": {
        "nixpkgs": "nixpkgs"
      }
    }
  },
  "root": "root",
  "version": 7
}
