{
  "nodes": {
    "nixpkgs": {
      "locked": {
        "lastModified": 1,
        "narHash": "sha256-Q8pDGPWwuMPRIGD53zwS1k27330finBgJoTQTTIBwac=",
        "path": "/nix/store/5dnlpc13i7dahbc6nhcxggqi9aqpmxmx-nixos-24.11.19700101.dirty/nixos",
        "type": "path"
      },
      "original": {
        "id": "nixpkgs",
        "type": "indirect"
      }
    },
    "nixpkgs_2": {
      "locked": {
        "lastModified": 1,
        "narHash": "sha256-Q8pDGPWwuMPRIGD53zwS1k27330finBgJoTQTTIBwac=",
        "path": "/nix/store/5dnlpc13i7dahbc6nhcxggqi9aqpmxmx-nixos-24.11.19700101.dirty/nixos",
        "type": "path"
      },
      "original": {
        "id": "nixpkgs",
        "type": "indirect"
      }
    },
    "root": {
      "inputs": {
        "nixpkgs": "nixpkgs",
        "vosk": "vosk"
      }
    },
    "vosk": {
      "inputs": {
        "nixpkgs": "nixpkgs_2"
      },
      "locked": {
        "dir": "src/nix/vosk",
        "dirtyRev": "ea6e06ff40d25188af83f9dec6b0df9b71ab91a3-dirty",
        "dirtyShortRev": "ea6e06ff4-dirty",
        "lastModified": 1737620185,
        "narHash": "sha256-t0V8LHvmZrd4XNstbvdv02JIYZ+bvsJ1yItTZgr76Sc=",
        "type": "git",
        "url": "file:///home/oleg/.local/share/chezmoi?dir=src/nix/vosk"
      },
      "original": {
        "dir": "src/nix/vosk",
        "type": "git",
        "url": "file:///home/oleg/.local/share/chezmoi?dir=src/nix/vosk"
      }
    }
  },
  "root": "root",
  "version": 7
}
