{
  "nodes": {
    "nixpkgs": {
      "locked": {
        "lastModified": 1,
        "narHash": "sha256-Q8pDGPWwuMPRIGD53zwS1k27330finBgJoTQTTIBwac=",
        "path": "/nix/store/5dnlpc13i7dahbc6nhcxggqi9aqpmxmx-nixos-24.11.19700101.dirty/nixos",
        "type": "path"
      },
      "original": {
        "id": "nixpkgs",
        "type": "indirect"
      }
    },
    "nixpkgs_2": {
      "locked": {
        "lastModified": 1,
        "narHash": "sha256-Q8pDGPWwuMPRIGD53zwS1k27330finBgJoTQTTIBwac=",
        "path": "/nix/store/5dnlpc13i7dahbc6nhcxggqi9aqpmxmx-nixos-24.11.19700101.dirty/nixos",
        "type": "path"
      },
      "original": {
        "id": "nixpkgs",
        "type": "indirect"
      }
    },
    "root": {
      "inputs": {
        "nixpkgs": "nixpkgs",
        "vosk": "vosk"
      }
    },
    "vosk": {
      "inputs": {
        "nixpkgs": "nixpkgs_2"
      },
      "locked": {
        "dir": "src/nix/vosk",
        "lastModified": 1737620376,
        "narHash": "sha256-XktUMm+j3LWN0ZwDdCVPy58X00wLS5YwHhipj4GY8Ec=",
        "ref": "refs/heads/master",
        "rev": "f0b1fe47deffa28ba477360ba6a7cf88da4ebf95",
        "revCount": 12594,
        "type": "git",
        "url": "file:///home/oleg/.local/share/chezmoi?dir=src/nix/vosk"
      },
      "original": {
        "dir": "src/nix/vosk",
        "type": "git",
        "url": "file:///home/oleg/.local/share/chezmoi?dir=src/nix/vosk"
      }
    }
  },
  "root": "root",
  "version": 7
}
