{
  "nodes": {
    "deploy-rs": {
      "inputs": {
        "flake-compat": "flake-compat",
        "naersk": "naersk",
        "nixpkgs": "nixpkgs",
        "utils": "utils"
      },
      "locked": {
        "lastModified": 1612864896,
        "narHash": "sha256-pbsvxe05kAWJzPeC6fs4t0Mk8mTZs6u/WQDMBqoA5tA=",
        "owner": "serokell",
        "repo": "deploy-rs",
        "rev": "fecc7e723db40c7e056371467275186b3bbb9ef3",
        "type": "github"
      },
      "original": {
        "owner": "serokell",
        "repo": "deploy-rs",
        "type": "github"
      }
    },
    "flake-compat": {
      "flake": false,
      "locked": {
        "lastModified": 1606424373,
        "narHash": "sha256-oq8d4//CJOrVj+EcOaSXvMebvuTkmBJuT5tzlfewUnQ=",
        "owner": "edolstra",
        "repo": "flake-compat",
        "rev": "99f1c2157fba4bfe6211a321fd0ee43199025dbf",
        "type": "github"
      },
      "original": {
        "owner": "edolstra",
        "repo": "flake-compat",
        "type": "github"
      }
    },
    "flake-compat_2": {
      "flake": false,
      "locked": {
        "lastModified": 1606424373,
        "narHash": "sha256-oq8d4//CJOrVj+EcOaSXvMebvuTkmBJuT5tzlfewUnQ=",
        "owner": "edolstra",
        "repo": "flake-compat",
        "rev": "99f1c2157fba4bfe6211a321fd0ee43199025dbf",
        "type": "github"
      },
      "original": {
        "owner": "edolstra",
        "repo": "flake-compat",
        "type": "github"
      }
    },
    "flake-compat_3": {
      "flake": false,
      "locked": {
        "lastModified": 1606424373,
        "narHash": "sha256-oq8d4//CJOrVj+EcOaSXvMebvuTkmBJuT5tzlfewUnQ=",
        "owner": "edolstra",
        "repo": "flake-compat",
        "rev": "99f1c2157fba4bfe6211a321fd0ee43199025dbf",
        "type": "github"
      },
      "original": {
        "owner": "edolstra",
        "repo": "flake-compat",
        "type": "github"
      }
    },
    "flake-compat_4": {
      "flake": false,
      "locked": {
        "lastModified": 1606424373,
        "narHash": "sha256-oq8d4//CJOrVj+EcOaSXvMebvuTkmBJuT5tzlfewUnQ=",
        "owner": "edolstra",
        "repo": "flake-compat",
        "rev": "99f1c2157fba4bfe6211a321fd0ee43199025dbf",
        "type": "github"
      },
      "original": {
        "owner": "edolstra",
        "repo": "flake-compat",
        "type": "github"
      }
    },
    "github-com-9999years-nix-config": {
      "flake": false,
      "locked": {
        "lastModified": 1611279922,
        "narHash": "sha256-tipT+Rp1wI+pLr5temOYg5wuMtsAREsuM96QOXX9RPE=",
        "owner": "9999years",
        "repo": "nix-config",
        "rev": "3d2aef1418cab766ab744129f4308e1596f1335c",
        "type": "github"
      },
      "original": {
        "owner": "9999years",
        "repo": "nix-config",
        "type": "github"
      }
    },
    "github-com-emilazy-mpv-notify-send": {
      "flake": false,
      "locked": {
        "lastModified": 1582585345,
        "narHash": "sha256-EwVkhyB87TJ3i9xJmmZMSTMUKvfbImI1S+y1vgRWbDk=",
        "owner": "emilazy",
        "repo": "mpv-notify-send",
        "rev": "a2bab8b2fd8e8d14faa875b5cc3a73f1276cd88a",
        "type": "github"
      },
      "original": {
        "owner": "emilazy",
        "repo": "mpv-notify-send",
        "type": "github"
      }
    },
    "github-com-guibou-nixGL": {
      "flake": false,
      "locked": {
        "lastModified": 1604138361,
        "narHash": "sha256-I9/myywtqh9xrxC94molYpwN4c92dw1jUmfS2+pHwws=",
        "owner": "guibou",
        "repo": "nixGL",
        "rev": "7d6bc1b21316bab6cf4a6520c2639a11c25a220e",
        "type": "github"
      },
      "original": {
        "owner": "guibou",
        "repo": "nixGL",
        "type": "github"
      }
    },
    "github-com-kitnil-nix-docker-ipmi": {
      "inputs": {
        "flake-compat": "flake-compat_3",
        "nixpkgs": [
          "nixpkgs"
        ],
        "nixpkgs-15-09": "nixpkgs-15-09",
        "nixpkgs-unstable": "nixpkgs-unstable"
      },
      "locked": {
        "lastModified": 1614784383,
        "narHash": "sha256-o/aZKqxb8bwYD55q4c/pfI3W2iVomxzZedo5tLj0J9g=",
        "owner": "kitnil",
        "repo": "nix-docker-ipmi",
        "rev": "106a0bfe3fdac175a16bf436a83e7d97d3653eec",
        "type": "github"
      },
      "original": {
        "owner": "kitnil",
        "ref": "flake",
        "repo": "nix-docker-ipmi",
        "type": "github"
      }
    },
    "github-com-kitnil-nix-ipmiview": {
      "inputs": {
        "flake-compat": "flake-compat_4",
        "net-dns-intr": "net-dns-intr",
        "nixpkgs": "nixpkgs_2",
        "nixpkgs-unstable": "nixpkgs-unstable_2"
      },
      "locked": {
        "lastModified": 1614805736,
        "narHash": "sha256-hbTZtvCCz2axUjT0+FnVr+774KNI0hdYICNmHOJ2SVc=",
        "ref": "flake",
        "rev": "50acb98686010c1c4bdd9ac3b6f2b3e5413b8fa3",
        "revCount": 6,
        "type": "git",
        "url": "file:///home/oleg/majordomo/utils/ipmiview"
      },
      "original": {
        "owner": "kitnil",
        "repo": "nix-ipmiview",
        "type": "github"
      }
    },
    "github-com-norfairking-dnscheck": {
      "flake": false,
      "locked": {
        "lastModified": 1614814428,
        "narHash": "sha256-iWl8Z7q2mS2suNh//lPXKYY9ycFueDjpU7nui+7WkeY=",
        "owner": "kitnil",
        "repo": "dnscheck",
        "rev": "cffbc6c6dccaa6335d84851b95fb5fb60781156b",
        "type": "github"
      },
      "original": {
        "owner": "kitnil",
        "ref": "nix-pkgs-provide-system",
        "repo": "dnscheck",
        "type": "github"
      }
    },
    "github-com-tsoding-boomer": {
      "flake": false,
      "locked": {
        "lastModified": 1614258352,
        "narHash": "sha256-3yg0nuJE0Rrw13VEQ/CjjjPN5G4ytssgiesdXwlHaF8=",
        "owner": "tsoding",
        "repo": "boomer",
        "rev": "cc0f5311193da8361ee782a421d6bc4ad8541cf3",
        "type": "github"
      },
      "original": {
        "owner": "tsoding",
        "repo": "boomer",
        "type": "github"
      }
    },
    "majordomo": {
      "inputs": {
        "nixpkgs": "nixpkgs_3",
        "nixpkgs-deprecated": "nixpkgs-deprecated",
        "nixpkgs-stable": "nixpkgs-stable"
      },
      "locked": {
        "lastModified": 1614610121,
        "narHash": "sha256-Y88jTpUuFgJGEfNjVbtfgUWpXF12tZvvFmncNQApon0=",
        "ref": "master",
        "rev": "135a86868e1d81c3c4fec2600f730515e7e73d6b",
        "revCount": 803,
        "type": "git",
        "url": "https://gitlab.intr/_ci/nixpkgs"
      },
      "original": {
        "type": "git",
        "url": "https://gitlab.intr/_ci/nixpkgs"
      }
    },
    "naersk": {
      "inputs": {
        "nixpkgs": [
          "nixpkgs"
        ]
      },
      "locked": {
        "lastModified": 1610392286,
        "narHash": "sha256-3wFl5y+4YZO4SgRYK8WE7JIS3p0sxbgrGaQ6RMw+d98=",
        "owner": "nmattia",
        "repo": "naersk",
        "rev": "d7bfbad3304fd768c0f93a4c3b50976275e6d4be",
        "type": "github"
      },
      "original": {
        "owner": "nmattia",
        "ref": "master",
        "repo": "naersk",
        "type": "github"
      }
    },
    "net-dns-intr": {
      "flake": false,
      "locked": {
        "lastModified": 1612793412,
        "narHash": "sha256-0kxeaXMrQm3ZjDR52me4fzMAR+HaLwVM6cvmBoPNfjo=",
        "ref": "master",
        "rev": "79c2f2c131baf16318bea36869d5fb9b5f65a508",
        "revCount": 141,
        "type": "git",
        "url": "ssh://git@gitlab.intr/net/dns-intr.git"
      },
      "original": {
        "type": "git",
        "url": "ssh://git@gitlab.intr/net/dns-intr.git"
      }
    },
    "nixpkgs": {
      "locked": {
        "lastModified": 1610942247,
        "narHash": "sha256-PKo1ATAlC6BmfYSRmX0TVmNoFbrec+A5OKcabGEu2yU=",
        "owner": "NixOS",
        "repo": "nixpkgs",
        "rev": "7d71001b796340b219d1bfa8552c81995017544a",
        "type": "github"
      },
      "original": {
        "owner": "NixOS",
        "ref": "nixpkgs-unstable",
        "repo": "nixpkgs",
        "type": "github"
      }
    },
    "nixpkgs-15-09": {
      "flake": false,
      "locked": {
        "lastModified": 1443642366,
        "narHash": "sha256-oaFsStCjQA+Zre7Hyd8mDSd24OV38QtImf2DOQgR03U=",
        "owner": "NixOS",
        "repo": "nixpkgs",
        "rev": "86062d7a952c9e8cdb0b370cedf1b010e0864bb4",
        "type": "github"
      },
      "original": {
        "id": "nixpkgs",
        "ref": "15.09",
        "type": "indirect"
      }
    },
    "nixpkgs-20-03": {
      "flake": false,
      "locked": {
        "lastModified": 1608136118,
        "narHash": "sha256-RkrULFuIoE7vsBxBBGKfRRYGcZsCpe0Qu0G874WGpdM=",
        "owner": "NixOS",
        "repo": "nixpkgs",
        "rev": "05626cc86b8a8bbadae7753d2e33661400ff67de",
        "type": "github"
      },
      "original": {
        "id": "nixpkgs",
        "ref": "nixos-20.03",
        "type": "indirect"
      }
    },
    "nixpkgs-20-03-firefox": {
      "flake": false,
      "locked": {
        "lastModified": 1577720813,
        "narHash": "sha256-qyNU+Ey+fVu3xSeZRhxPgpbmcnmtTikd4Bsp6ojDSUg=",
        "owner": "nixos",
        "repo": "nixpkgs",
        "rev": "cc3b6aa322f307580d48c975a3b86b4462b645d8",
        "type": "github"
      },
      "original": {
        "owner": "nixos",
        "repo": "nixpkgs",
        "rev": "cc3b6aa322f307580d48c975a3b86b4462b645d8",
        "type": "github"
      }
    },
    "nixpkgs-deprecated": {
      "flake": false,
      "locked": {
        "lastModified": 1443642366,
        "narHash": "sha256-VuzP9RfndgC6yhL2U8X6stGULoOHr1HcscympKUgwV4=",
        "owner": "NixOS",
        "repo": "nixpkgs",
        "rev": "9c31c72cafe536e0c21238b2d47a23bfe7d1b033",
        "type": "github"
      },
      "original": {
        "owner": "NixOS",
        "ref": "15.09",
        "repo": "nixpkgs",
        "type": "github"
      }
    },
    "nixpkgs-idea": {
      "locked": {
        "lastModified": 1616050755,
        "narHash": "sha256-a5e/8XMA/6t3XY1VG2C6mxawytPqOLCSh1dTtxSfQZw=",
        "owner": "wigust",
        "repo": "nixpkgs",
        "rev": "a98b0d1e6d7bed029844576e8637ce9807600ad2",
        "type": "github"
      },
      "original": {
        "owner": "wigust",
        "repo": "nixpkgs",
        "rev": "a98b0d1e6d7bed029844576e8637ce9807600ad2",
        "type": "github"
      }
    },
    "nixpkgs-stable": {
      "locked": {
        "lastModified": 1606789930,
        "narHash": "sha256-fIDdUZHX6OnErpv+ZXEM/479z8WKNyNX9ALsHQpjoeA=",
        "owner": "NixOS",
        "repo": "nixpkgs",
        "rev": "2fbcd0b9df95306199407e36a038d2cc3aa24786",
        "type": "github"
      },
      "original": {
        "id": "nixpkgs",
        "ref": "nixos-20.09",
        "type": "indirect"
      }
    },
    "nixpkgs-unstable": {
      "locked": {
        "lastModified": 1614321075,
        "narHash": "sha256-9HeGjJlQoGpV5ppDzDSB9JB6uy8MyvMcqFe7q/mWr3k=",
        "owner": "NixOS",
        "repo": "nixpkgs",
        "rev": "870dbb751f4d851a3dfb554835a0c2f528386982",
        "type": "github"
      },
      "original": {
        "id": "nixpkgs",
        "ref": "nixpkgs-unstable",
        "type": "indirect"
      }
    },
    "nixpkgs-unstable_2": {
      "locked": {
        "lastModified": 1614321075,
        "narHash": "sha256-9HeGjJlQoGpV5ppDzDSB9JB6uy8MyvMcqFe7q/mWr3k=",
        "owner": "NixOS",
        "repo": "nixpkgs",
        "rev": "870dbb751f4d851a3dfb554835a0c2f528386982",
        "type": "github"
      },
      "original": {
        "id": "nixpkgs",
        "ref": "nixpkgs-unstable",
        "type": "indirect"
      }
    },
    "nixpkgs_2": {
      "flake": false,
      "locked": {
        "lastModified": 1603791972,
        "narHash": "sha256-nj2SvACFH+NERpye1kudcuygCcvnsZYv26M2+wgM5vE=",
        "owner": "NixOS",
        "repo": "nixpkgs",
        "rev": "cd63096d6d887d689543a0b97743d28995bc9bc3",
        "type": "github"
      },
      "original": {
        "id": "nixpkgs",
        "ref": "20.09",
        "type": "indirect"
      }
    },
    "nixpkgs_3": {
      "flake": false,
      "locked": {
        "lastModified": 1570630026,
        "narHash": "sha256-IjHyx3uz9jYBh5R9v6lea5Hd/F6iYTBcyHkXHwSGGFY=",
        "owner": "NixOS",
        "repo": "nixpkgs",
        "rev": "d5291756487d70bc336e33512a9baf9fa1788faf",
        "type": "github"
      },
      "original": {
        "owner": "NixOS",
        "ref": "19.09",
        "repo": "nixpkgs",
        "type": "github"
      }
    },
    "nixpkgs_4": {
      "locked": {
        "lastModified": 1613632122,
        "narHash": "sha256-EJeG6R2o7bZVwaRZIDKnBI5qtIuCDXqgDm67afnw5JE=",
        "owner": "NixOS",
        "repo": "nixpkgs",
        "rev": "4ef6da455e926b87d1923c324306e9dc1da8e371",
        "type": "github"
      },
      "original": {
        "id": "nixpkgs",
        "ref": "nixpkgs-unstable",
        "type": "indirect"
      }
    },
    "root": {
      "inputs": {
        "deploy-rs": "deploy-rs",
        "flake-compat": "flake-compat_2",
        "github-com-9999years-nix-config": "github-com-9999years-nix-config",
        "github-com-emilazy-mpv-notify-send": "github-com-emilazy-mpv-notify-send",
        "github-com-guibou-nixGL": "github-com-guibou-nixGL",
        "github-com-kitnil-nix-docker-ipmi": "github-com-kitnil-nix-docker-ipmi",
        "github-com-kitnil-nix-ipmiview": "github-com-kitnil-nix-ipmiview",
        "github-com-norfairking-dnscheck": "github-com-norfairking-dnscheck",
        "github-com-tsoding-boomer": "github-com-tsoding-boomer",
        "majordomo": "majordomo",
        "nixpkgs": "nixpkgs_4",
        "nixpkgs-20-03": "nixpkgs-20-03",
        "nixpkgs-20-03-firefox": "nixpkgs-20-03-firefox",
        "nixpkgs-idea": "nixpkgs-idea"
      }
    },
    "utils": {
      "locked": {
        "lastModified": 1610051610,
        "narHash": "sha256-U9rPz/usA1/Aohhk7Cmc2gBrEEKRzcW4nwPWMPwja4Y=",
        "owner": "numtide",
        "repo": "flake-utils",
        "rev": "3982c9903e93927c2164caa727cd3f6a0e6d14cc",
        "type": "github"
      },
      "original": {
        "owner": "numtide",
        "repo": "flake-utils",
        "type": "github"
      }
    }
  },
  "root": "root",
  "version": 7
}
