{
  "nodes": {
    "nixpkgs": {
      "locked": {
        "lastModified": 1664645775,
        "narHash": "sha256-+s3H2v8z4E6KNJl1JGAvcoBxlz25/Q+R//fElE0T6Ac=",
        "owner": "NixOS",
        "repo": "nixpkgs",
        "rev": "14c5d226877aa90f656895ab7ab2badc4af03268",
        "type": "github"
      },
      "original": {
        "id": "nixpkgs",
        "ref": "nixpkgs-unstable",
        "type": "indirect"
      }
    },
    "root": {
      "inputs": {
        "nixpkgs": "nixpkgs"
      }
    }
  },
  "root": "root",
  "version": 7
}
