{
  "nodes": {
    "darwin": {
      "inputs": {
        "nixpkgs": "nixpkgs"
      },
      "locked": {
        "lastModified": 1751313918,
        "narHash": "sha256-HsJM3XLa43WpG+665aGEh8iS8AfEwOIQWk3Mke3e7nk=",
        "owner": "LnL7",
        "repo": "nix-darwin",
        "rev": "e04a388232d9a6ba56967ce5b53a8a6f713cdfcf",
        "type": "github"
      },
      "original": {
        "owner": "LnL7",
        "repo": "nix-darwin",
        "type": "github"
      }
    },
    "dotfiles-home-manager": {
      "inputs": {
        "darwin": "darwin",
        "flake-compat": "flake-compat",
        "flake-utils-plus": "flake-utils-plus",
        "github-com-9999years-nix-config": "github-com-9999years-nix-config",
        "github-com-emilazy-mpv-notify-send": "github-com-emilazy-mpv-notify-send",
        "github-com-guibou-nixGL": "github-com-guibou-nixGL",
        "github-com-tsoding-boomer": "github-com-tsoding-boomer",
        "home-manager": "home-manager",
        "kamadorueda-alejandra": "kamadorueda-alejandra",
        "naersk": "naersk",
        "nixos": "nixos",
        "nixpkgs": "nixpkgs_5",
        "nixpkgs-20-03": "nixpkgs-20-03",
        "nixpkgs-20-03-firefox": "nixpkgs-20-03-firefox",
        "nixpkgs-chatterino2": "nixpkgs-chatterino2",
        "nixpkgs-copyq": "nixpkgs-copyq",
        "nixpkgs-ddcutil": "nixpkgs-ddcutil",
        "nixpkgs-home-manager": "nixpkgs-home-manager",
        "nixpkgs-idea": "nixpkgs-idea",
        "nixpkgs-idea-community": "nixpkgs-idea-community",
        "nixpkgs-nixd": "nixpkgs-nixd",
        "nixpkgs-phantomjs": "nixpkgs-phantomjs",
        "nixpkgs-phpactor": "nixpkgs-phpactor",
        "nur": "nur",
        "override": "override",
        "rycee-nur-expressions": "rycee-nur-expressions",
        "utils": "utils"
      },
      "locked": {
        "dir": "nix",
        "lastModified": 1759231403,
        "narHash": "sha256-uQUqkB/5SG+x5OAgrFVWxN1KxaynJEpawnCXv9mQz5E=",
        "ref": "refs/heads/master",
        "rev": "eb26193744a827bf9580faa8c4b99f7eece747f8",
        "revCount": 15628,
        "type": "git",
        "url": "file:/home/oleg/src/cgit.wugi.info/wigust/dotfiles"
      },
      "original": {
        "dir": "nix",
        "type": "git",
        "url": "file:/home/oleg/src/cgit.wugi.info/wigust/dotfiles"
      }
    },
    "fenix": {
      "inputs": {
        "nixpkgs": [
          "dotfiles-home-manager",
          "naersk",
          "nixpkgs"
        ],
        "rust-analyzer-src": "rust-analyzer-src"
      },
      "locked": {
        "lastModified": 1752475459,
        "narHash": "sha256-z6QEu4ZFuHiqdOPbYss4/Q8B0BFhacR8ts6jO/F/aOU=",
        "owner": "nix-community",
        "repo": "fenix",
        "rev": "bf0d6f70f4c9a9cf8845f992105652173f4b617f",
        "type": "github"
      },
      "original": {
        "owner": "nix-community",
        "repo": "fenix",
        "type": "github"
      }
    },
    "firejail-disable-sandbox-check": {
      "locked": {
        "lastModified": 1754254098,
        "narHash": "sha256-zY6T9F71OrNKhyz2gE0lApkIO2hRxjBxJlrzHoPXuBY=",
        "owner": "wigust",
        "repo": "nixpkgs",
        "rev": "351baca3de7fe6f47759f19c8be9ac868e8025b7",
        "type": "github"
      },
      "original": {
        "owner": "wigust",
        "ref": "firejail-disable-sandbox-check",
        "repo": "nixpkgs",
        "type": "github"
      }
    },
    "flake-compat": {
      "flake": false,
      "locked": {
        "lastModified": 1747046372,
        "narHash": "sha256-CIVLLkVgvHYbgI2UpXvIIBJ12HWgX+fjA8Xf8PUmqCY=",
        "owner": "edolstra",
        "repo": "flake-compat",
        "rev": "9100a0f413b0c601e0533d1d94ffd501ce2e7885",
        "type": "github"
      },
      "original": {
        "owner": "edolstra",
        "repo": "flake-compat",
        "type": "github"
      }
    },
    "flake-parts": {
      "inputs": {
        "nixpkgs-lib": [
          "dotfiles-home-manager",
          "nur",
          "nixpkgs"
        ]
      },
      "locked": {
        "lastModified": 1733312601,
        "narHash": "sha256-4pDvzqnegAfRkPwO3wmwBhVi/Sye1mzps0zHWYnP88c=",
        "owner": "hercules-ci",
        "repo": "flake-parts",
        "rev": "205b12d8b7cd4802fbcb8e8ef6a0f1408781a4f9",
        "type": "github"
      },
      "original": {
        "owner": "hercules-ci",
        "repo": "flake-parts",
        "type": "github"
      }
    },
    "flake-utils": {
      "inputs": {
        "systems": "systems"
      },
      "locked": {
        "lastModified": 1694529238,
        "narHash": "sha256-zsNZZGTGnMOf9YpHKJqMSsa0dXbfmxeoJ7xHlrt+xmY=",
        "owner": "numtide",
        "repo": "flake-utils",
        "rev": "ff7b65b44d01cf9ba6a71320833626af21126384",
        "type": "github"
      },
      "original": {
        "owner": "numtide",
        "repo": "flake-utils",
        "type": "github"
      }
    },
    "flake-utils-plus": {
      "inputs": {
        "flake-utils": "flake-utils"
      },
      "locked": {
        "lastModified": 1738591040,
        "narHash": "sha256-4WNeriUToshQ/L5J+dTSWC5OJIwT39SEP7V7oylndi8=",
        "owner": "gytis-ivaskevicius",
        "repo": "flake-utils-plus",
        "rev": "afcb15b845e74ac5e998358709b2b5fe42a948d1",
        "type": "github"
      },
      "original": {
        "owner": "gytis-ivaskevicius",
        "repo": "flake-utils-plus",
        "type": "github"
      }
    },
    "flake-utils_2": {
      "inputs": {
        "systems": "systems_3"
      },
      "locked": {
        "lastModified": 1731533236,
        "narHash": "sha256-l0KFg5HjrsfsO/JpG+r7fRrqm12kzFHyUHqHCVpMMbI=",
        "owner": "numtide",
        "repo": "flake-utils",
        "rev": "11707dc2f618dd54ca8739b309ec4fc024de578b",
        "type": "github"
      },
      "original": {
        "owner": "numtide",
        "repo": "flake-utils",
        "type": "github"
      }
    },
    "flakeCompat": {
      "flake": false,
      "locked": {
        "lastModified": 1641205782,
        "narHash": "sha256-4jY7RCWUoZ9cKD8co0/4tFARpWB+57+r1bLLvXNJliY=",
        "owner": "edolstra",
        "repo": "flake-compat",
        "rev": "b7547d3eed6f32d06102ead8991ec52ab0a4f1a7",
        "type": "github"
      },
      "original": {
        "owner": "edolstra",
        "repo": "flake-compat",
        "type": "github"
      }
    },
    "github-com-9999years-nix-config": {
      "flake": false,
      "locked": {
        "lastModified": 1611279922,
        "narHash": "sha256-tipT+Rp1wI+pLr5temOYg5wuMtsAREsuM96QOXX9RPE=",
        "owner": "9999years",
        "repo": "nix-config",
        "rev": "3d2aef1418cab766ab744129f4308e1596f1335c",
        "type": "github"
      },
      "original": {
        "owner": "9999years",
        "repo": "nix-config",
        "type": "github"
      }
    },
    "github-com-emilazy-mpv-notify-send": {
      "flake": false,
      "locked": {
        "lastModified": 1720707586,
        "narHash": "sha256-H8WIKfQnle27eiwnz2sxC8D1EwQplY4N7Qg5+c1e/uU=",
        "owner": "emilazy",
        "repo": "mpv-notify-send",
        "rev": "d98d9fe566b222c5b909e3905e9e201eaec34959",
        "type": "github"
      },
      "original": {
        "owner": "emilazy",
        "repo": "mpv-notify-send",
        "type": "github"
      }
    },
    "github-com-guibou-nixGL": {
      "flake": false,
      "locked": {
        "lastModified": 1752054764,
        "narHash": "sha256-Ob/HuUhANoDs+nvYqyTKrkcPXf4ZgXoqMTQoCK0RFgQ=",
        "owner": "guibou",
        "repo": "nixGL",
        "rev": "a8e1ce7d49a149ed70df676785b07f63288f53c5",
        "type": "github"
      },
      "original": {
        "owner": "guibou",
        "repo": "nixGL",
        "type": "github"
      }
    },
    "github-com-tsoding-boomer": {
      "flake": false,
      "locked": {
        "lastModified": 1707424554,
        "narHash": "sha256-o65/VVxttriA5Qqt35lLKkWIZYS7T4VBBuYdAIGUmx8=",
        "owner": "tsoding",
        "repo": "boomer",
        "rev": "dfd4e1f5514e2a9d7c7a6429c1c0642c2021e792",
        "type": "github"
      },
      "original": {
        "owner": "tsoding",
        "repo": "boomer",
        "type": "github"
      }
    },
    "home-manager": {
      "inputs": {
        "nixpkgs": "nixpkgs_2"
      },
      "locked": {
        "lastModified": 1752544374,
        "narHash": "sha256-ReX0NG6nIAEtQQjLqeu1vUU2jjZuMlpymNtb4VQYeus=",
        "ref": "release-25.05",
        "rev": "2e00ed310c218127e02ffcf28ddd4e0f669fde3e",
        "revCount": 4795,
        "type": "git",
        "url": "https://github.com/nix-community/home-manager"
      },
      "original": {
        "ref": "release-25.05",
        "type": "git",
        "url": "https://github.com/nix-community/home-manager"
      }
    },
    "kamadorueda-alejandra": {
      "inputs": {
        "flakeCompat": "flakeCompat",
        "nixpkgs": "nixpkgs_3"
      },
      "locked": {
        "lastModified": 1646937181,
        "narHash": "sha256-vkFKYnSmhPPXtc3AH7iRtqRRqxhj0o5WySqPT+klDWU=",
        "owner": "kamadorueda",
        "repo": "alejandra",
        "rev": "b75302002c94a158faebf5fca9e0d72f2ca59f4d",
        "type": "github"
      },
      "original": {
        "owner": "kamadorueda",
        "ref": "1.1.0",
        "repo": "alejandra",
        "type": "github"
      }
    },
    "naersk": {
      "inputs": {
        "fenix": "fenix",
        "nixpkgs": "nixpkgs_4"
      },
      "locked": {
        "lastModified": 1752618730,
        "narHash": "sha256-rMD7yPNK9DmPWaq48PAeFIDsDs8SlmOfNQEoGoHjE0o=",
        "owner": "nmattia",
        "repo": "naersk",
        "rev": "4098e4015e9927d21ead96f980e4cb76c681de75",
        "type": "github"
      },
      "original": {
        "owner": "nmattia",
        "repo": "naersk",
        "type": "github"
      }
    },
    "nixos": {
      "locked": {
        "lastModified": 1752480373,
        "narHash": "sha256-JHQbm+OcGp32wAsXTE/FLYGNpb+4GLi5oTvCxwSoBOA=",
        "owner": "NixOS",
        "repo": "nixpkgs",
        "rev": "62e0f05ede1da0d54515d4ea8ce9c733f12d9f08",
        "type": "github"
      },
      "original": {
        "id": "nixpkgs",
        "ref": "nixos-unstable",
        "type": "indirect"
      }
    },
    "nixpkgs": {
      "locked": {
        "lastModified": 1747728033,
        "narHash": "sha256-NnXFQu7g4LnvPIPfJmBuZF7LFy/fey2g2+LCzjQhTUk=",
        "owner": "NixOS",
        "repo": "nixpkgs",
        "rev": "2f9173bde1d3fbf1ad26ff6d52f952f9e9da52ea",
        "type": "github"
      },
      "original": {
        "owner": "NixOS",
        "ref": "nixpkgs-unstable",
        "repo": "nixpkgs",
        "type": "github"
      }
    },
    "nixpkgs-20-03": {
      "flake": false,
      "locked": {
        "lastModified": 1620055814,
        "narHash": "sha256-8LEHoYSJiL901bTMVatq+rf8y7QtWuZhwwpKE2fyaRY=",
        "owner": "NixOS",
        "repo": "nixpkgs",
        "rev": "1db42b7fe3878f3f5f7a4f2dc210772fd080e205",
        "type": "github"
      },
      "original": {
        "id": "nixpkgs",
        "ref": "nixos-20.03",
        "type": "indirect"
      }
    },
    "nixpkgs-20-03-firefox": {
      "flake": false,
      "locked": {
        "lastModified": 1577720813,
        "narHash": "sha256-qyNU+Ey+fVu3xSeZRhxPgpbmcnmtTikd4Bsp6ojDSUg=",
        "owner": "nixos",
        "repo": "nixpkgs",
        "rev": "cc3b6aa322f307580d48c975a3b86b4462b645d8",
        "type": "github"
      },
      "original": {
        "owner": "nixos",
        "repo": "nixpkgs",
        "rev": "cc3b6aa322f307580d48c975a3b86b4462b645d8",
        "type": "github"
      }
    },
    "nixpkgs-chatterino2": {
      "locked": {
        "lastModified": 1752596105,
        "narHash": "sha256-lFNVsu/mHLq3q11MuGkMhUUoSXEdQjCHvpReaGP1S2k=",
        "owner": "NixOS",
        "repo": "nixpkgs",
        "rev": "dab3a6e781554f965bde3def0aa2fda4eb8f1708",
        "type": "github"
      },
      "original": {
        "id": "nixpkgs",
        "ref": "nixpkgs-unstable",
        "type": "indirect"
      }
    },
    "nixpkgs-copyq": {
      "locked": {
        "lastModified": 1752596105,
        "narHash": "sha256-lFNVsu/mHLq3q11MuGkMhUUoSXEdQjCHvpReaGP1S2k=",
        "owner": "NixOS",
        "repo": "nixpkgs",
        "rev": "dab3a6e781554f965bde3def0aa2fda4eb8f1708",
        "type": "github"
      },
      "original": {
        "id": "nixpkgs",
        "ref": "nixpkgs-unstable",
        "type": "indirect"
      }
    },
    "nixpkgs-ddcutil": {
      "locked": {
        "lastModified": 1752596105,
        "narHash": "sha256-lFNVsu/mHLq3q11MuGkMhUUoSXEdQjCHvpReaGP1S2k=",
        "owner": "NixOS",
        "repo": "nixpkgs",
        "rev": "dab3a6e781554f965bde3def0aa2fda4eb8f1708",
        "type": "github"
      },
      "original": {
        "id": "nixpkgs",
        "ref": "nixpkgs-unstable",
        "type": "indirect"
      }
    },
    "nixpkgs-home-manager": {
      "locked": {
        "lastModified": 1752596105,
        "narHash": "sha256-lFNVsu/mHLq3q11MuGkMhUUoSXEdQjCHvpReaGP1S2k=",
        "owner": "NixOS",
        "repo": "nixpkgs",
        "rev": "dab3a6e781554f965bde3def0aa2fda4eb8f1708",
        "type": "github"
      },
      "original": {
        "id": "nixpkgs",
        "ref": "nixpkgs-unstable",
        "type": "indirect"
      }
    },
    "nixpkgs-idea": {
      "locked": {
        "lastModified": 1616050755,
        "narHash": "sha256-a5e/8XMA/6t3XY1VG2C6mxawytPqOLCSh1dTtxSfQZw=",
        "owner": "wigust",
        "repo": "nixpkgs",
        "rev": "a98b0d1e6d7bed029844576e8637ce9807600ad2",
        "type": "github"
      },
      "original": {
        "owner": "wigust",
        "repo": "nixpkgs",
        "rev": "a98b0d1e6d7bed029844576e8637ce9807600ad2",
        "type": "github"
      }
    },
    "nixpkgs-idea-community": {
      "locked": {
        "lastModified": 1752596105,
        "narHash": "sha256-lFNVsu/mHLq3q11MuGkMhUUoSXEdQjCHvpReaGP1S2k=",
        "owner": "NixOS",
        "repo": "nixpkgs",
        "rev": "dab3a6e781554f965bde3def0aa2fda4eb8f1708",
        "type": "github"
      },
      "original": {
        "id": "nixpkgs",
        "ref": "nixpkgs-unstable",
        "type": "indirect"
      }
    },
    "nixpkgs-nixd": {
      "locked": {
        "lastModified": 1752596105,
        "narHash": "sha256-lFNVsu/mHLq3q11MuGkMhUUoSXEdQjCHvpReaGP1S2k=",
        "owner": "NixOS",
        "repo": "nixpkgs",
        "rev": "dab3a6e781554f965bde3def0aa2fda4eb8f1708",
        "type": "github"
      },
      "original": {
        "id": "nixpkgs",
        "ref": "nixpkgs-unstable",
        "type": "indirect"
      }
    },
    "nixpkgs-phantomjs": {
      "flake": false,
      "locked": {
        "lastModified": 1582831361,
        "narHash": "sha256-8T7/LAcOfX7SaDdSf+lxpFcrVnuPFXr3U7Eqf3dOS+g=",
        "owner": "NixOS",
        "repo": "nixpkgs",
        "rev": "ce9f1aaa39ee2a5b76a9c9580c859a74de65ead5",
        "type": "github"
      },
      "original": {
        "owner": "NixOS",
        "repo": "nixpkgs",
        "rev": "ce9f1aaa39ee2a5b76a9c9580c859a74de65ead5",
        "type": "github"
      }
    },
    "nixpkgs-phpactor": {
      "locked": {
        "lastModified": 1752596105,
        "narHash": "sha256-lFNVsu/mHLq3q11MuGkMhUUoSXEdQjCHvpReaGP1S2k=",
        "owner": "NixOS",
        "repo": "nixpkgs",
        "rev": "dab3a6e781554f965bde3def0aa2fda4eb8f1708",
        "type": "github"
      },
      "original": {
        "id": "nixpkgs",
        "ref": "nixpkgs-unstable",
        "type": "indirect"
      }
    },
    "nixpkgs_2": {
      "locked": {
        "lastModified": 1752436162,
        "narHash": "sha256-Kt1UIPi7kZqkSc5HVj6UY5YLHHEzPBkgpNUByuyxtlw=",
        "owner": "NixOS",
        "repo": "nixpkgs",
        "rev": "dfcd5b901dbab46c9c6e80b265648481aafb01f8",
        "type": "github"
      },
      "original": {
        "owner": "NixOS",
        "ref": "nixos-25.05",
        "repo": "nixpkgs",
        "type": "github"
      }
    },
    "nixpkgs_3": {
      "locked": {
        "lastModified": 1646506091,
        "narHash": "sha256-sWNAJE2m+HOh1jtXlHcnhxsj6/sXrHgbqVNcVRlveK4=",
        "owner": "nixos",
        "repo": "nixpkgs",
        "rev": "3e644bd62489b516292c816f70bf0052c693b3c7",
        "type": "github"
      },
      "original": {
        "owner": "nixos",
        "ref": "nixpkgs-unstable",
        "repo": "nixpkgs",
        "type": "github"
      }
    },
    "nixpkgs_4": {
      "locked": {
        "lastModified": 1752077645,
        "narHash": "sha256-HM791ZQtXV93xtCY+ZxG1REzhQenSQO020cu6rHtAPk=",
        "owner": "NixOS",
        "repo": "nixpkgs",
        "rev": "be9e214982e20b8310878ac2baa063a961c1bdf6",
        "type": "github"
      },
      "original": {
        "owner": "NixOS",
        "ref": "nixpkgs-unstable",
        "repo": "nixpkgs",
        "type": "github"
      }
    },
    "nixpkgs_5": {
      "locked": {
        "lastModified": 1752596105,
        "narHash": "sha256-lFNVsu/mHLq3q11MuGkMhUUoSXEdQjCHvpReaGP1S2k=",
        "owner": "NixOS",
        "repo": "nixpkgs",
        "rev": "dab3a6e781554f965bde3def0aa2fda4eb8f1708",
        "type": "github"
      },
      "original": {
        "id": "nixpkgs",
        "ref": "nixpkgs-unstable",
        "type": "indirect"
      }
    },
    "nixpkgs_6": {
      "locked": {
        "lastModified": 1752480373,
        "narHash": "sha256-JHQbm+OcGp32wAsXTE/FLYGNpb+4GLi5oTvCxwSoBOA=",
        "owner": "nixos",
        "repo": "nixpkgs",
        "rev": "62e0f05ede1da0d54515d4ea8ce9c733f12d9f08",
        "type": "github"
      },
      "original": {
        "owner": "nixos",
        "ref": "nixos-unstable",
        "repo": "nixpkgs",
        "type": "github"
      }
    },
    "nixpkgs_7": {
      "locked": {
        "lastModified": 1744536153,
        "narHash": "sha256-awS2zRgF4uTwrOKwwiJcByDzDOdo3Q1rPZbiHQg/N38=",
        "owner": "nixos",
        "repo": "nixpkgs",
        "rev": "18dd725c29603f582cf1900e0d25f9f1063dbf11",
        "type": "github"
      },
      "original": {
        "owner": "nixos",
        "ref": "nixpkgs-unstable",
        "repo": "nixpkgs",
        "type": "github"
      }
    },
    "nixpkgs_8": {
      "locked": {
        "lastModified": 1752436162,
        "narHash": "sha256-Kt1UIPi7kZqkSc5HVj6UY5YLHHEzPBkgpNUByuyxtlw=",
        "owner": "NixOS",
        "repo": "nixpkgs",
        "rev": "dfcd5b901dbab46c9c6e80b265648481aafb01f8",
        "type": "github"
      },
      "original": {
        "id": "nixpkgs",
        "ref": "nixos-25.05",
        "type": "indirect"
      }
    },
    "nur": {
      "inputs": {
        "flake-parts": "flake-parts",
        "nixpkgs": "nixpkgs_6"
      },
      "locked": {
        "lastModified": 1752681032,
        "narHash": "sha256-fIg1Is15tmAfFTwY7hcrLPhYpwoSKg8to6Z7GHzDLsg=",
        "owner": "nix-community",
        "repo": "NUR",
        "rev": "94dad3767581f59690021eb4f459c457e3205eb6",
        "type": "github"
      },
      "original": {
        "owner": "nix-community",
        "repo": "NUR",
        "type": "github"
      }
    },
    "override": {
      "locked": {
        "lastModified": 1,
        "narHash": "sha256-LGnURZ1FD5c7YzC1on4mi6u12sDnPcIjIPHIZBhT328=",
        "path": "/nix/store/z153d0pza9fl9bdj5ifyh9cja672ir5i-nixos-25.05.20250713.dfcd5b9/nixos",
        "type": "path"
      },
      "original": {
        "id": "nixpkgs",
        "type": "indirect"
      }
    },
    "root": {
      "inputs": {
        "dotfiles-home-manager": "dotfiles-home-manager",
        "firejail-disable-sandbox-check": "firejail-disable-sandbox-check",
        "flake-utils": "flake-utils_2",
        "nixpkgs": "nixpkgs_8"
      }
    },
    "rust-analyzer-src": {
      "flake": false,
      "locked": {
        "lastModified": 1752428706,
        "narHash": "sha256-EJcdxw3aXfP8Ex1Nm3s0awyH9egQvB2Gu+QEnJn2Sfg=",
        "owner": "rust-lang",
        "repo": "rust-analyzer",
        "rev": "591e3b7624be97e4443ea7b5542c191311aa141d",
        "type": "github"
      },
      "original": {
        "owner": "rust-lang",
        "ref": "nightly",
        "repo": "rust-analyzer",
        "type": "github"
      }
    },
    "rycee-nur-expressions": {
      "inputs": {
        "nixpkgs": "nixpkgs_7"
      },
      "locked": {
        "dir": "pkgs/firefox-addons",
        "lastModified": 1752638600,
        "narHash": "sha256-Y833l/KT+yKjW8fv1wMMW1ZR187hwuBo7k+CAvwYpTI=",
        "ref": "refs/heads/master",
        "rev": "24b604cfc91b1450035c438b5df4a1fe786900d2",
        "revCount": 4378,
        "type": "git",
        "url": "https://gitlab.com/rycee/nur-expressions?dir=pkgs/firefox-addons"
      },
      "original": {
        "dir": "pkgs/firefox-addons",
        "type": "git",
        "url": "https://gitlab.com/rycee/nur-expressions?dir=pkgs/firefox-addons"
      }
    },
    "systems": {
      "locked": {
        "lastModified": 1681028828,
        "narHash": "sha256-Vy1rq5AaRuLzOxct8nz4T6wlgyUR7zLU309k9mBC768=",
        "owner": "nix-systems",
        "repo": "default",
        "rev": "da67096a3b9bf56a91d16901293e51ba5b49a27e",
        "type": "github"
      },
      "original": {
        "owner": "nix-systems",
        "repo": "default",
        "type": "github"
      }
    },
    "systems_2": {
      "locked": {
        "lastModified": 1681028828,
        "narHash": "sha256-Vy1rq5AaRuLzOxct8nz4T6wlgyUR7zLU309k9mBC768=",
        "owner": "nix-systems",
        "repo": "default",
        "rev": "da67096a3b9bf56a91d16901293e51ba5b49a27e",
        "type": "github"
      },
      "original": {
        "owner": "nix-systems",
        "repo": "default",
        "type": "github"
      }
    },
    "systems_3": {
      "locked": {
        "lastModified": 1681028828,
        "narHash": "sha256-Vy1rq5AaRuLzOxct8nz4T6wlgyUR7zLU309k9mBC768=",
        "owner": "nix-systems",
        "repo": "default",
        "rev": "da67096a3b9bf56a91d16901293e51ba5b49a27e",
        "type": "github"
      },
      "original": {
        "owner": "nix-systems",
        "repo": "default",
        "type": "github"
      }
    },
    "utils": {
      "inputs": {
        "systems": "systems_2"
      },
      "locked": {
        "lastModified": 1731533236,
        "narHash": "sha256-l0KFg5HjrsfsO/JpG+r7fRrqm12kzFHyUHqHCVpMMbI=",
        "owner": "numtide",
        "repo": "flake-utils",
        "rev": "11707dc2f618dd54ca8739b309ec4fc024de578b",
        "type": "github"
      },
      "original": {
        "owner": "numtide",
        "repo": "flake-utils",
        "type": "github"
      }
    }
  },
  "root": "root",
  "version": 7
}
