{
  "nodes": {
    "nixpkgs": {
      "locked": {
        "lastModified": 1,
        "narHash": "sha256-Q8pDGPWwuMPRIGD53zwS1k27330finBgJoTQTTIBwac=",
        "path": "/nix/store/5dnlpc13i7dahbc6nhcxggqi9aqpmxmx-nixos-24.11.19700101.dirty/nixos",
        "type": "path"
      },
      "original": {
        "id": "nixpkgs",
        "type": "indirect"
      }
    },
    "root": {
      "inputs": {
        "nixpkgs": "nixpkgs"
      }
    }
  },
  "root": "root",
  "version": 7
}
