{
  "nodes": {
    "nixpkgs": {
      "locked": {
        "lastModified": 1727296349,
        "narHash": "sha256-C3SRU3GMDNII9l16o4+nkybuxaDX4x5TBypwmmUBCo0=",
        "owner": "NixOS",
        "repo": "nixpkgs",
        "rev": "fe866c653c24adf1520628236d4e70bbb2fdd949",
        "type": "github"
      },
      "original": {
        "id": "nixpkgs",
        "ref": "nixpkgs-unstable",
        "type": "indirect"
      }
    },
    "root": {
      "inputs": {
        "nixpkgs": "nixpkgs"
      }
    }
  },
  "root": "root",
  "version": 7
}
